<?xml version="1.0" encoding="utf-8"?>
<Project ToolsVersion="4.0" xmlns="http://schemas.microsoft.com/developer/msbuild/2003">
  <ItemGroup>
    <Filter Include="Archivos de origen">
      <UniqueIdentifier>{4FC737F1-C7A5-4376-A066-2A32D752A2FF}</UniqueIdentifier>
      <Extensions>cpp;c;cc;cxx;c++;cppm;ixx;def;odl;idl;hpj;bat;asm;asmx</Extensions>
    </Filter>
    <Filter Include="Archivos de encabezado">
      <UniqueIdentifier>{93995380-89BD-4b04-88EB-625FBE52EBFB}</UniqueIdentifier>
      <Extensions>h;hh;hpp;hxx;h++;hm;inl;inc;ipp;xsd</Extensions>
    </Filter>
    <Filter Include="Archivos de recursos">
      <UniqueIdentifier>{67DA6AB6-F800-4c08-8B7A-83BB121AAD01}</UniqueIdentifier>
      <Extensions>rc;ico;cur;bmp;dlg;rc2;rct;bin;rgs;gif;jpg;jpeg;jpe;resx;tiff;tif;png;wav;mfcribbon-ms</Extensions>
    </Filter>
    <Filter Include="Archivos de encabezado\Pagina">
      <UniqueIdentifier>{60719488-7092-41f9-908d-736e7e91c40c}</UniqueIdentifier>
    </Filter>
    <Filter Include="Archivos de origen\Pagina">
      <UniqueIdentifier>{e85d0556-c215-4cff-9481-ed924b8a5306}</UniqueIdentifier>
    </Filter>
    <Filter Include="Archivos de encabezado\Marcador">
      <UniqueIdentifier>{a4ab8b79-8346-46f4-a020-85b0bda60beb}</UniqueIdentifier>
    </Filter>
    <Filter Include="Archivos de origen\Marcador">
      <UniqueIdentifier>{054bcd66-8b38-41e7-9155-ba3949520c33}</UniqueIdentifier>
    </Filter>
    <Filter Include="Archivos de encabezado\Historial">
      <UniqueIdentifier>{65122b02-f653-4e77-898b-ab0f64fdcc29}</UniqueIdentifier>
    </Filter>
    <Filter Include="Archivos de origen\Historial">
      <UniqueIdentifier>{c0804463-172b-4895-8e9f-d9897ac8a0c3}</UniqueIdentifier>
    </Filter>
    <Filter Include="Archivos de encabezado\Otro">
      <UniqueIdentifier>{6e5b893d-3952-4ff2-88b0-0cc9ac06f41e}</UniqueIdentifier>
    </Filter>
    <Filter Include="Archivos de encabezado\NavegadorWeb">
      <UniqueIdentifier>{c1121b9d-3d21-4881-9d26-5067c7a3f3aa}</UniqueIdentifier>
    </Filter>
    <Filter Include="Archivos de origen\NavegadorWeb">
      <UniqueIdentifier>{8108b6ab-24c1-4fd5-88a3-f6381297697f}</UniqueIdentifier>
    </Filter>
  </ItemGroup>
  <ItemGroup>
    <ClCompile Include="main.cpp">
      <Filter>Archivos de origen</Filter>
    </ClCompile>
    <ClCompile Include="Pagina.cpp">
      <Filter>Archivos de origen\Pagina</Filter>
    </ClCompile>
    <ClCompile Include="Marcador.cpp">
      <Filter>Archivos de origen\Marcador</Filter>
    </ClCompile>
    <ClCompile Include="VectorMarcador.cpp">
      <Filter>Archivos de origen\Marcador</Filter>
    </ClCompile>
    <ClCompile Include="Historial.cpp">
      <Filter>Archivos de origen\Historial</Filter>
    </ClCompile>
    <ClCompile Include="Configuracion.cpp">
      <Filter>Archivos de origen</Filter>
    </ClCompile>
    <ClCompile Include="Pestana.cpp">
      <Filter>Archivos de origen\Historial</Filter>
    </ClCompile>
    <ClCompile Include="NavegadorWeb.cpp">
      <Filter>Archivos de origen\NavegadorWeb</Filter>
    </ClCompile>
    <ClCompile Include="VectorPaginas.cpp">
      <Filter>Archivos de origen\NavegadorWeb</Filter>
    </ClCompile>
    <ClCompile Include="GestorArchivos.cpp">
      <Filter>Archivos de origen</Filter>
    </ClCompile>
  </ItemGroup>
  <ItemGroup>
    <ClInclude Include="Pagina.h">
      <Filter>Archivos de encabezado\Pagina</Filter>
    </ClInclude>
    <ClInclude Include="Marcador.h">
      <Filter>Archivos de encabezado\Marcador</Filter>
    </ClInclude>
    <ClInclude Include="VectorMarcador.h">
      <Filter>Archivos de encabezado\Marcador</Filter>
    </ClInclude>
    <ClInclude Include="Historial.h">
      <Filter>Archivos de encabezado\Historial</Filter>
    </ClInclude>
    <ClInclude Include="Configuracion.h">
      <Filter>Archivos de encabezado</Filter>
    </ClInclude>
    <ClInclude Include="Libreria.h">
      <Filter>Archivos de encabezado\Otro</Filter>
    </ClInclude>
    <ClInclude Include="Clases.h">
      <Filter>Archivos de encabezado\Otro</Filter>
    </ClInclude>
    <ClInclude Include="Pestana.h">
      <Filter>Archivos de encabezado\Historial</Filter>
    </ClInclude>
    <ClInclude Include="NavegadorWeb.h">
      <Filter>Archivos de encabezado\NavegadorWeb</Filter>
    </ClInclude>
    <ClInclude Include="VectorPaginas.h">
      <Filter>Archivos de encabezado\NavegadorWeb</Filter>
    </ClInclude>
    <ClInclude Include="GestorArchivos.h">
      <Filter>Archivos de encabezado</Filter>
    </ClInclude>
  </ItemGroup>
</Project>